
Microsoft Visual Studio Solution File, Format Version 12.00
# Visual Studio 15
VisualStudioVersion = 15.0.28307.572
MinimumVisualStudioVersion = 10.0.40219.1
Project("{FAE04EC0-301F-11D3-BF4B-00C04F79EFBC}") = "CountryClubAPI", "CountryClubAPI\CountryClubAPI.csproj", "{0B314E07-1B2A-4AD0-873D-B52F20F09D47}"
EndProject
Global
	GlobalSection(SolutionConfigurationPlatforms) = preSolution
		Debug|Any CPU = Debug|Any CPU
		Release|Any CPU = Release|Any CPU
	EndGlobalSection
	GlobalSection(ProjectConfigurationPlatforms) = postSolution
		{0B314E07-1B2A-4AD0-873D-B52F20F09D47}.Debug|Any CPU.ActiveCfg = Debug|Any CPU
		{0B314E07-1B2A-4AD0-873D-B52F20F09D47}.Debug|Any CPU.Build.0 = Debug|Any CPU
		{0B314E07-1B2A-4AD0-873D-B52F20F09D47}.Release|Any CPU.ActiveCfg = Release|Any CPU
		{0B314E07-1B2A-4AD0-873D-B52F20F09D47}.Release|Any CPU.Build.0 = Release|Any CPU
	EndGlobalSection
	GlobalSection(SolutionProperties) = preSolution
		HideSolutionNode = FALSE
	EndGlobalSection
	GlobalSection(ExtensibilityGlobals) = postSolution
		SolutionGuid = {EAC294AD-E2C9-449D-BDF5-C9E943937BD1}
	EndGlobalSection
EndGlobal
